
Microsoft Visual Studio Solution File, Format Version 12.00
# Visual Studio Version 17
VisualStudioVersion = 17.3.32901.215
MinimumVisualStudioVersion = 10.0.40219.1
Project("{FAE04EC0-301F-11D3-BF4B-00C04F79EFBC}") = "Cadastro-de-Item-Acervo", "Cadastro de Item Acervo\Cadastro-de-Item-Acervo.csproj", "{1BC01D58-EA55-468A-981B-0F95B8D8125D}"
EndProject
Global
	GlobalSection(SolutionConfigurationPlatforms) = preSolution
		Debug|Any CPU = Debug|Any CPU
		Release|Any CPU = Release|Any CPU
	EndGlobalSection
	GlobalSection(ProjectConfigurationPlatforms) = postSolution
		{1BC01D58-EA55-468A-981B-0F95B8D8125D}.Debug|Any CPU.ActiveCfg = Debug|Any CPU
		{1BC01D58-EA55-468A-981B-0F95B8D8125D}.Debug|Any CPU.Build.0 = Debug|Any CPU
		{1BC01D58-EA55-468A-981B-0F95B8D8125D}.Release|Any CPU.ActiveCfg = Release|Any CPU
		{1BC01D58-EA55-468A-981B-0F95B8D8125D}.Release|Any CPU.Build.0 = Release|Any CPU
	EndGlobalSection
	GlobalSection(SolutionProperties) = preSolution
		HideSolutionNode = FALSE
	EndGlobalSection
	GlobalSection(ExtensibilityGlobals) = postSolution
		SolutionGuid = {DDE5ABAD-129F-419A-B266-C0317F44147B}
	EndGlobalSection
EndGlobal
